PODS:
  - SocketRocket (0.5.1)
  - WeexSDK (0.10.0):
    - SocketRocket
  - Yoga (1.3.0)
  - YogaKit (1.3.0):
    - Yoga (~> 1.3)

DEPENDENCIES:
  - WeexSDK (from `../sdk/`)
  - YogaKit

EXTERNAL SOURCES:
  WeexSDK:
    :path: ../sdk/

SPEC CHECKSUMS:
  SocketRocket: d57c7159b83c3c6655745cd15302aa24b6bae531
  WeexSDK: 825d5c8fcfa0577ee6f71bfe255ac10b7af0bc43
  Yoga: 2ed1d7accfef3610a67f58c0cf101a0662137f2c
  YogaKit: cddeccc6a8d2aff563e4c738d3bddb290a6de4cb

PODFILE CHECKSUM: b991c6eb095a248ed24a60db73677992bb3c0995

COCOAPODS: 1.2.0
