// !$*UTF8*$!
{
	archiveVersion = 1;
	classes = {
	};
	objectVersion = 46;
	objects = {

/* Begin PBXBuildFile section */
		1C20C07B1D38038800414912 /* main.m in Sources */ = {isa = PBXBuildFile; fileRef = 1C20C07A1D38038800414912 /* main.m */; };
		1C20C07E1D38038800414912 /* AppDelegate.m in Sources */ = {isa = PBXBuildFile; fileRef = 1C20C07D1D38038800414912 /* AppDelegate.m */; };
		1C20C0811D38038800414912 /* ViewController.m in Sources */ = {isa = PBXBuildFile; fileRef = 1C20C0801D38038800414912 /* ViewController.m */; };
		1C20C0841D38038800414912 /* Main.storyboard in Resources */ = {isa = PBXBuildFile; fileRef = 1C20C0821D38038800414912 /* Main.storyboard */; };
		1C20C0861D38038800414912 /* Assets.xcassets in Resources */ = {isa = PBXBuildFile; fileRef = 1C20C0851D38038800414912 /* Assets.xcassets */; };
		1C20C0891D38038800414912 /* LaunchScreen.storyboard in Resources */ = {isa = PBXBuildFile; fileRef = 1C20C0871D38038800414912 /* LaunchScreen.storyboard */; };
		1CD185E41D3A1AD300359F07 /* A00D3B09-7904-433C-ADC3-BD192F4B6950.png in Resources */ = {isa = PBXBuildFile; fileRef = 1CD185E31D3A1AD300359F07 /* A00D3B09-7904-433C-ADC3-BD192F4B6950.png */; };
		1CD185E71D3A1AE000359F07 /* BDCA87E9-7B4E-4809-82DA-F190CECD4835.png in Resources */ = {isa = PBXBuildFile; fileRef = 1CD185E51D3A1AE000359F07 /* BDCA87E9-7B4E-4809-82DA-F190CECD4835.png */; };
		1CD185E81D3A1AE000359F07 /* DE05E649-1499-4C5D-A768-9CF6FC20B996.png in Resources */ = {isa = PBXBuildFile; fileRef = 1CD185E61D3A1AE000359F07 /* DE05E649-1499-4C5D-A768-9CF6FC20B996.png */; };
		1CD185EA1D3A2C1A00359F07 /* ya2-1542744.jpg in Resources */ = {isa = PBXBuildFile; fileRef = 1CD185E91D3A2C1A00359F07 /* ya2-1542744.jpg */; };
		1CD185EC1D3A328700359F07 /* mp40843170_1447147056517_2.jpeg in Resources */ = {isa = PBXBuildFile; fileRef = 1CD185EB1D3A328700359F07 /* mp40843170_1447147056517_2.jpeg */; };
/* End PBXBuildFile section */

/* Begin PBXFileReference section */
		1C20C0761D38038800414912 /* NewAutolayout.app */ = {isa = PBXFileReference; explicitFileType = wrapper.application; includeInIndex = 0; path = NewAutolayout.app; sourceTree = BUILT_PRODUCTS_DIR; };
		1C20C07A1D38038800414912 /* main.m */ = {isa = PBXFileReference; lastKnownFileType = sourcecode.c.objc; path = main.m; sourceTree = "<group>"; };
		1C20C07C1D38038800414912 /* AppDelegate.h */ = {isa = PBXFileReference; lastKnownFileType = sourcecode.c.h; path = AppDelegate.h; sourceTree = "<group>"; };
		1C20C07D1D38038800414912 /* AppDelegate.m */ = {isa = PBXFileReference; lastKnownFileType = sourcecode.c.objc; path = AppDelegate.m; sourceTree = "<group>"; };
		1C20C07F1D38038800414912 /* ViewController.h */ = {isa = PBXFileReference; lastKnownFileType = sourcecode.c.h; path = ViewController.h; sourceTree = "<group>"; };
		1C20C0801D38038800414912 /* ViewController.m */ = {isa = PBXFileReference; lastKnownFileType = sourcecode.c.objc; path = ViewController.m; sourceTree = "<group>"; };
		1C20C0831D38038800414912 /* Base */ = {isa = PBXFileReference; lastKnownFileType = file.storyboard; name = Base; path = Base.lproj/Main.storyboard; sourceTree = "<group>"; };
		1C20C0851D38038800414912 /* Assets.xcassets */ = {isa = PBXFileReference; lastKnownFileType = folder.assetcatalog; path = Assets.xcassets; sourceTree = "<group>"; };
		1C20C0881D38038800414912 /* Base */ = {isa = PBXFileReference; lastKnownFileType = file.storyboard; name = Base; path = Base.lproj/LaunchScreen.storyboard; sourceTree = "<group>"; };
		1C20C08A1D38038800414912 /* Info.plist */ = {isa = PBXFileReference; lastKnownFileType = text.plist.xml; path = Info.plist; sourceTree = "<group>"; };
		1CD185E31D3A1AD300359F07 /* A00D3B09-7904-433C-ADC3-BD192F4B6950.png */ = {isa = PBXFileReference; lastKnownFileType = image.png; path = "A00D3B09-7904-433C-ADC3-BD192F4B6950.png"; sourceTree = "<group>"; };
		1CD185E51D3A1AE000359F07 /* BDCA87E9-7B4E-4809-82DA-F190CECD4835.png */ = {isa = PBXFileReference; lastKnownFileType = image.png; path = "BDCA87E9-7B4E-4809-82DA-F190CECD4835.png"; sourceTree = "<group>"; };
		1CD185E61D3A1AE000359F07 /* DE05E649-1499-4C5D-A768-9CF6FC20B996.png */ = {isa = PBXFileReference; lastKnownFileType = image.png; path = "DE05E649-1499-4C5D-A768-9CF6FC20B996.png"; sourceTree = "<group>"; };
		1CD185E91D3A2C1A00359F07 /* ya2-1542744.jpg */ = {isa = PBXFileReference; lastKnownFileType = image.jpeg; path = "ya2-1542744.jpg"; sourceTree = "<group>"; };
		1CD185EB1D3A328700359F07 /* mp40843170_1447147056517_2.jpeg */ = {isa = PBXFileReference; lastKnownFileType = image.jpeg; path = mp40843170_1447147056517_2.jpeg; sourceTree = "<group>"; };
/* End PBXFileReference section */

/* Begin PBXFrameworksBuildPhase section */
		1C20C0731D38038800414912 /* Frameworks */ = {
			isa = PBXFrameworksBuildPhase;
			buildActionMask = 2147483647;
			files = (
			);
			runOnlyForDeploymentPostprocessing = 0;
		};
/* End PBXFrameworksBuildPhase section */

/* Begin PBXGroup section */
		1C20C06D1D38038800414912 = {
			isa = PBXGroup;
			children = (
				1C20C0781D38038800414912 /* NewAutolayout */,
				1C20C0771D38038800414912 /* Products */,
			);
			sourceTree = "<group>";
		};
		1C20C0771D38038800414912 /* Products */ = {
			isa = PBXGroup;
			children = (
				1C20C0761D38038800414912 /* NewAutolayout.app */,
			);
			name = Products;
			sourceTree = "<group>";
		};
		1C20C0781D38038800414912 /* NewAutolayout */ = {
			isa = PBXGroup;
			children = (
				1CD185E51D3A1AE000359F07 /* BDCA87E9-7B4E-4809-82DA-F190CECD4835.png */,
				1CD185E61D3A1AE000359F07 /* DE05E649-1499-4C5D-A768-9CF6FC20B996.png */,
				1C20C07C1D38038800414912 /* AppDelegate.h */,
				1C20C07D1D38038800414912 /* AppDelegate.m */,
				1C20C07F1D38038800414912 /* ViewController.h */,
				1C20C0801D38038800414912 /* ViewController.m */,
				1CD185E91D3A2C1A00359F07 /* ya2-1542744.jpg */,
				1CD185E31D3A1AD300359F07 /* A00D3B09-7904-433C-ADC3-BD192F4B6950.png */,
				1CD185EB1D3A328700359F07 /* mp40843170_1447147056517_2.jpeg */,
				1C20C0821D38038800414912 /* Main.storyboard */,
				1C20C0851D38038800414912 /* Assets.xcassets */,
				1C20C0871D38038800414912 /* LaunchScreen.storyboard */,
				1C20C08A1D38038800414912 /* Info.plist */,
				1C20C0791D38038800414912 /* Supporting Files */,
			);
			path = NewAutolayout;
			sourceTree = "<group>";
		};
		1C20C0791D38038800414912 /* Supporting Files */ = {
			isa = PBXGroup;
			children = (
				1C20C07A1D38038800414912 /* main.m */,
			);
			name = "Supporting Files";
			sourceTree = "<group>";
		};
/* End PBXGroup section */

/* Begin PBXNativeTarget section */
		1C20C0751D38038800414912 /* NewAutolayout */ = {
			isa = PBXNativeTarget;
			buildConfigurationList = 1C20C08D1D38038800414912 /* Build configuration list for PBXNativeTarget "NewAutolayout" */;
			buildPhases = (
				1C20C0721D38038800414912 /* Sources */,
				1C20C0731D38038800414912 /* Frameworks */,
				1C20C0741D38038800414912 /* Resources */,
			);
			buildRules = (
			);
			dependencies = (
			);
			name = NewAutolayout;
			productName = NewAutolayout;
			productReference = 1C20C0761D38038800414912 /* NewAutolayout.app */;
			productType = "com.apple.product-type.application";
		};
/* End PBXNativeTarget section */

/* Begin PBXProject section */
		1C20C06E1D38038800414912 /* Project object */ = {
			isa = PBXProject;
			attributes = {
				LastUpgradeCheck = 0800;
				ORGANIZATIONNAME = YDZ;
				TargetAttributes = {
					1C20C0751D38038800414912 = {
						CreatedOnToolsVersion = 8.0;
						DevelopmentTeam = AWA9R9FXT6;
						DevelopmentTeamName = "Shanghai Function Internet Finance Information Service Co., Ltd.";
						ProvisioningStyle = Automatic;
					};
				};
			};
			buildConfigurationList = 1C20C0711D38038800414912 /* Build configuration list for PBXProject "NewAutolayout" */;
			compatibilityVersion = "Xcode 3.2";
			developmentRegion = English;
			hasScannedForEncodings = 0;
			knownRegions = (
				en,
				Base,
			);
			mainGroup = 1C20C06D1D38038800414912;
			productRefGroup = 1C20C0771D38038800414912 /* Products */;
			projectDirPath = "";
			projectRoot = "";
			targets = (
				1C20C0751D38038800414912 /* NewAutolayout */,
			);
		};
/* End PBXProject section */

/* Begin PBXResourcesBuildPhase section */
		1C20C0741D38038800414912 /* Resources */ = {
			isa = PBXResourcesBuildPhase;
			buildActionMask = 2147483647;
			files = (
				1CD185E41D3A1AD300359F07 /* A00D3B09-7904-433C-ADC3-BD192F4B6950.png in Resources */,
				1C20C0891D38038800414912 /* LaunchScreen.storyboard in Resources */,
				1CD185E71D3A1AE000359F07 /* BDCA87E9-7B4E-4809-82DA-F190CECD4835.png in Resources */,
				1C20C0861D38038800414912 /* Assets.xcassets in Resources */,
				1C20C0841D38038800414912 /* Main.storyboard in Resources */,
				1CD185EA1D3A2C1A00359F07 /* ya2-1542744.jpg in Resources */,
				1CD185E81D3A1AE000359F07 /* DE05E649-1499-4C5D-A768-9CF6FC20B996.png in Resources */,
				1CD185EC1D3A328700359F07 /* mp40843170_1447147056517_2.jpeg in Resources */,
			);
			runOnlyForDeploymentPostprocessing = 0;
		};
/* End PBXResourcesBuildPhase section */

/* Begin PBXSourcesBuildPhase section */
		1C20C0721D38038800414912 /* Sources */ = {
			isa = PBXSourcesBuildPhase;
			buildActionMask = 2147483647;
			files = (
				1C20C0811D38038800414912 /* ViewController.m in Sources */,
				1C20C07E1D38038800414912 /* AppDelegate.m in Sources */,
				1C20C07B1D38038800414912 /* main.m in Sources */,
			);
			runOnlyForDeploymentPostprocessing = 0;
		};
/* End PBXSourcesBuildPhase section */

/* Begin PBXVariantGroup section */
		1C20C0821D38038800414912 /* Main.storyboard */ = {
			isa = PBXVariantGroup;
			children = (
				1C20C0831D38038800414912 /* Base */,
			);
			name = Main.storyboard;
			sourceTree = "<group>";
		};
		1C20C0871D38038800414912 /* LaunchScreen.storyboard */ = {
			isa = PBXVariantGroup;
			children = (
				1C20C0881D38038800414912 /* Base */,
			);
			name = LaunchScreen.storyboard;
			sourceTree = "<group>";
		};
/* End PBXVariantGroup section */

/* Begin XCBuildConfiguration section */
		1C20C08B1D38038800414912 /* Debug */ = {
			isa = XCBuildConfiguration;
			buildSettings = {
				ALWAYS_SEARCH_USER_PATHS = NO;
				CLANG_ANALYZER_NONNULL = YES;
				CLANG_CXX_LANGUAGE_STANDARD = "gnu++0x";
				CLANG_CXX_LIBRARY = "libc++";
				CLANG_ENABLE_MODULES = YES;
				CLANG_ENABLE_OBJC_ARC = YES;
				CLANG_WARN_BOOL_CONVERSION = YES;
				CLANG_WARN_CONSTANT_CONVERSION = YES;
				CLANG_WARN_DIRECT_OBJC_ISA_USAGE = YES_ERROR;
				CLANG_WARN_DOCUMENTATION_COMMENTS = YES;
				CLANG_WARN_EMPTY_BODY = YES;
				CLANG_WARN_ENUM_CONVERSION = YES;
				CLANG_WARN_INT_CONVERSION = YES;
				CLANG_WARN_OBJC_ROOT_CLASS = YES_ERROR;
				CLANG_WARN_UNREACHABLE_CODE = YES;
				CLANG_WARN__DUPLICATE_METHOD_MATCH = YES;
				"CODE_SIGN_IDENTITY[sdk=iphoneos*]" = "iPhone Developer";
				COPY_PHASE_STRIP = NO;
				DEBUG_INFORMATION_FORMAT = dwarf;
				ENABLE_STRICT_OBJC_MSGSEND = YES;
				ENABLE_TESTABILITY = YES;
				GCC_C_LANGUAGE_STANDARD = gnu99;
				GCC_DYNAMIC_NO_PIC = NO;
				GCC_NO_COMMON_BLOCKS = YES;
				GCC_OPTIMIZATION_LEVEL = 0;
				GCC_PREPROCESSOR_DEFINITIONS = (
					"DEBUG=1",
					"$(inherited)",
				);
				GCC_WARN_64_TO_32_BIT_CONVERSION = YES;
				GCC_WARN_ABOUT_RETURN_TYPE = YES_ERROR;
				GCC_WARN_UNDECLARED_SELECTOR = YES;
				GCC_WARN_UNINITIALIZED_AUTOS = YES_AGGRESSIVE;
				GCC_WARN_UNUSED_FUNCTION = YES;
				GCC_WARN_UNUSED_VARIABLE = YES;
				IPHONEOS_DEPLOYMENT_TARGET = 10.0;
				MTL_ENABLE_DEBUG_INFO = YES;
				ONLY_ACTIVE_ARCH = YES;
				SDKROOT = iphoneos;
				TARGETED_DEVICE_FAMILY = "1,2";
			};
			name = Debug;
		};
		1C20C08C1D38038800414912 /* Release */ = {
			isa = XCBuildConfiguration;
			buildSettings = {
				ALWAYS_SEARCH_USER_PATHS = NO;
				CLANG_ANALYZER_NONNULL = YES;
				CLANG_CXX_LANGUAGE_STANDARD = "gnu++0x";
				CLANG_CXX_LIBRARY = "libc++";
				CLANG_ENABLE_MODULES = YES;
				CLANG_ENABLE_OBJC_ARC = YES;
				CLANG_WARN_BOOL_CONVERSION = YES;
				CLANG_WARN_CONSTANT_CONVERSION = YES;
				CLANG_WARN_DIRECT_OBJC_ISA_USAGE = YES_ERROR;
				CLANG_WARN_DOCUMENTATION_COMMENTS = YES;
				CLANG_WARN_EMPTY_BODY = YES;
				CLANG_WARN_ENUM_CONVERSION = YES;
				CLANG_WARN_INT_CONVERSION = YES;
				CLANG_WARN_OBJC_ROOT_CLASS = YES_ERROR;
				CLANG_WARN_UNREACHABLE_CODE = YES;
				CLANG_WARN__DUPLICATE_METHOD_MATCH = YES;
				"CODE_SIGN_IDENTITY[sdk=iphoneos*]" = "iPhone Developer";
				COPY_PHASE_STRIP = NO;
				DEBUG_INFORMATION_FORMAT = "dwarf-with-dsym";
				ENABLE_NS_ASSERTIONS = NO;
				ENABLE_STRICT_OBJC_MSGSEND = YES;
				GCC_C_LANGUAGE_STANDARD = gnu99;
				GCC_NO_COMMON_BLOCKS = YES;
				GCC_WARN_64_TO_32_BIT_CONVERSION = YES;
				GCC_WARN_ABOUT_RETURN_TYPE = YES_ERROR;
				GCC_WARN_UNDECLARED_SELECTOR = YES;
				GCC_WARN_UNINITIALIZED_AUTOS = YES_AGGRESSIVE;
				GCC_WARN_UNUSED_FUNCTION = YES;
				GCC_WARN_UNUSED_VARIABLE = YES;
				IPHONEOS_DEPLOYMENT_TARGET = 10.0;
				MTL_ENABLE_DEBUG_INFO = NO;
				SDKROOT = iphoneos;
				TARGETED_DEVICE_FAMILY = "1,2";
				VALIDATE_PRODUCT = YES;
			};
			name = Release;
		};
		1C20C08E1D38038800414912 /* Debug */ = {
			isa = XCBuildConfiguration;
			buildSettings = {
				ASSETCATALOG_COMPILER_APPICON_NAME = AppIcon;
				INFOPLIST_FILE = NewAutolayout/Info.plist;
				LD_RUNPATH_SEARCH_PATHS = "$(inherited) @executable_path/Frameworks";
				PRODUCT_BUNDLE_IDENTIFIER = YDZ.NewAutolayout;
				PRODUCT_NAME = "$(TARGET_NAME)";
			};
			name = Debug;
		};
		1C20C08F1D38038800414912 /* Release */ = {
			isa = XCBuildConfiguration;
			buildSettings = {
				ASSETCATALOG_COMPILER_APPICON_NAME = AppIcon;
				INFOPLIST_FILE = NewAutolayout/Info.plist;
				LD_RUNPATH_SEARCH_PATHS = "$(inherited) @executable_path/Frameworks";
				PRODUCT_BUNDLE_IDENTIFIER = YDZ.NewAutolayout;
				PRODUCT_NAME = "$(TARGET_NAME)";
			};
			name = Release;
		};
/* End XCBuildConfiguration section */

/* Begin XCConfigurationList section */
		1C20C0711D38038800414912 /* Build configuration list for PBXProject "NewAutolayout" */ = {
			isa = XCConfigurationList;
			buildConfigurations = (
				1C20C08B1D38038800414912 /* Debug */,
				1C20C08C1D38038800414912 /* Release */,
			);
			defaultConfigurationIsVisible = 0;
			defaultConfigurationName = Release;
		};
		1C20C08D1D38038800414912 /* Build configuration list for PBXNativeTarget "NewAutolayout" */ = {
			isa = XCConfigurationList;
			buildConfigurations = (
				1C20C08E1D38038800414912 /* Debug */,
				1C20C08F1D38038800414912 /* Release */,
			);
			defaultConfigurationIsVisible = 0;
			defaultConfigurationName = Release;
		};
/* End XCConfigurationList section */
	};
	rootObject = 1C20C06E1D38038800414912 /* Project object */;
}
